// !$*UTF8*$!
{
	archiveVersion = 1;
	classes = {
	};
	objectVersion = 51;
	objects = {

/* Begin PBXBuildFile section */
		132FF7D22411A6760006594C /* AppDelegate.swift in Sources */ = {isa = PBXBuildFile; fileRef = 132FF7D12411A6760006594C /* AppDelegate.swift */; };
		132FF7D42411A6760006594C /* SceneDelegate.swift in Sources */ = {isa = PBXBuildFile; fileRef = 132FF7D32411A6760006594C /* SceneDelegate.swift */; };
		132FF7D62411A6760006594C /* LoginViewController.swift in Sources */ = {isa = PBXBuildFile; fileRef = 132FF7D52411A6760006594C /* LoginViewController.swift */; };
		132FF7D92411A6760006594C /* LoginView.storyboard in Resources */ = {isa = PBXBuildFile; fileRef = 132FF7D72411A6760006594C /* LoginView.storyboard */; };
		132FF7DB2411A67C0006594C /* Assets.xcassets in Resources */ = {isa = PBXBuildFile; fileRef = 132FF7DA2411A67C0006594C /* Assets.xcassets */; };
		132FF7DE2411A67C0006594C /* LaunchScreen.storyboard in Resources */ = {isa = PBXBuildFile; fileRef = 132FF7DC2411A67C0006594C /* LaunchScreen.storyboard */; };
		132FF7E62411B66B0006594C /* AuthenticationSessions.swift in Sources */ = {isa = PBXBuildFile; fileRef = 132FF7E52411B66B0006594C /* AuthenticationSessions.swift */; };
		132FF7E82411B9F50006594C /* GoogleService-Info.plist in Resources */ = {isa = PBXBuildFile; fileRef = 132FF7E72411B9F50006594C /* GoogleService-Info.plist */; };
		132FF7EA2411BB9A0006594C /* UIViewController+Navigation.swift in Sources */ = {isa = PBXBuildFile; fileRef = 132FF7E92411BB9A0006594C /* UIViewController+Navigation.swift */; };
		132FF7EC2411C3280006594C /* MainView.storyboard in Resources */ = {isa = PBXBuildFile; fileRef = 132FF7EB2411C3280006594C /* MainView.storyboard */; };
		132FF7F12411DB710006594C /* MainTabBarController.swift in Sources */ = {isa = PBXBuildFile; fileRef = 132FF7F02411DB710006594C /* MainTabBarController.swift */; };
		132FF7F32411DBEA0006594C /* FeedViewController.swift in Sources */ = {isa = PBXBuildFile; fileRef = 132FF7F22411DBEA0006594C /* FeedViewController.swift */; };
		132FF7F52411DC0B0006594C /* CreateViewController.swift in Sources */ = {isa = PBXBuildFile; fileRef = 132FF7F42411DC0B0006594C /* CreateViewController.swift */; };
		132FF7F72411DC120006594C /* ProfileViewController.swift in Sources */ = {isa = PBXBuildFile; fileRef = 132FF7F62411DC120006594C /* ProfileViewController.swift */; };
		132FF7F92411DC1F0006594C /* DetailViewController.swift in Sources */ = {isa = PBXBuildFile; fileRef = 132FF7F82411DC1F0006594C /* DetailViewController.swift */; };
		132FF7FB2411DE8C0006594C /* UIViewController+Alerts.swift in Sources */ = {isa = PBXBuildFile; fileRef = 132FF7FA2411DE8C0006594C /* UIViewController+Alerts.swift */; };
		132FF7FD2411DED30006594C /* UIImage+Extension.swift in Sources */ = {isa = PBXBuildFile; fileRef = 132FF7FC2411DED30006594C /* UIImage+Extension.swift */; };
		132FF8002411DF6E0006594C /* StorageService.swift in Sources */ = {isa = PBXBuildFile; fileRef = 132FF7FF2411DF6E0006594C /* StorageService.swift */; };
		DF42810A3F8AF78908845503 /* Pods_InstagramApp.framework in Frameworks */ = {isa = PBXBuildFile; fileRef = D38B7A07E18C5159AD928F37 /* Pods_InstagramApp.framework */; };
/* End PBXBuildFile section */

/* Begin PBXFileReference section */
		132FF7CE2411A6760006594C /* InstagramApp.app */ = {isa = PBXFileReference; explicitFileType = wrapper.application; includeInIndex = 0; path = InstagramApp.app; sourceTree = BUILT_PRODUCTS_DIR; };
		132FF7D12411A6760006594C /* AppDelegate.swift */ = {isa = PBXFileReference; lastKnownFileType = sourcecode.swift; path = AppDelegate.swift; sourceTree = "<group>"; };
		132FF7D32411A6760006594C /* SceneDelegate.swift */ = {isa = PBXFileReference; lastKnownFileType = sourcecode.swift; path = SceneDelegate.swift; sourceTree = "<group>"; };
		132FF7D52411A6760006594C /* LoginViewController.swift */ = {isa = PBXFileReference; lastKnownFileType = sourcecode.swift; path = LoginViewController.swift; sourceTree = "<group>"; };
		132FF7D82411A6760006594C /* Base */ = {isa = PBXFileReference; lastKnownFileType = file.storyboard; name = Base; path = Base.lproj/LoginView.storyboard; sourceTree = "<group>"; };
		132FF7DA2411A67C0006594C /* Assets.xcassets */ = {isa = PBXFileReference; lastKnownFileType = folder.assetcatalog; path = Assets.xcassets; sourceTree = "<group>"; };
		132FF7DD2411A67C0006594C /* Base */ = {isa = PBXFileReference; lastKnownFileType = file.storyboard; name = Base; path = Base.lproj/LaunchScreen.storyboard; sourceTree = "<group>"; };
		132FF7DF2411A67C0006594C /* Info.plist */ = {isa = PBXFileReference; lastKnownFileType = text.plist.xml; path = Info.plist; sourceTree = "<group>"; };
		132FF7E52411B66B0006594C /* AuthenticationSessions.swift */ = {isa = PBXFileReference; lastKnownFileType = sourcecode.swift; path = AuthenticationSessions.swift; sourceTree = "<group>"; };
		132FF7E72411B9F50006594C /* GoogleService-Info.plist */ = {isa = PBXFileReference; fileEncoding = 4; lastKnownFileType = text.plist.xml; path = "GoogleService-Info.plist"; sourceTree = "<group>"; };
		132FF7E92411BB9A0006594C /* UIViewController+Navigation.swift */ = {isa = PBXFileReference; lastKnownFileType = sourcecode.swift; path = "UIViewController+Navigation.swift"; sourceTree = "<group>"; };
		132FF7EB2411C3280006594C /* MainView.storyboard */ = {isa = PBXFileReference; lastKnownFileType = file.storyboard; path = MainView.storyboard; sourceTree = "<group>"; };
		132FF7F02411DB710006594C /* MainTabBarController.swift */ = {isa = PBXFileReference; lastKnownFileType = sourcecode.swift; path = MainTabBarController.swift; sourceTree = "<group>"; };
		132FF7F22411DBEA0006594C /* FeedViewController.swift */ = {isa = PBXFileReference; lastKnownFileType = sourcecode.swift; path = FeedViewController.swift; sourceTree = "<group>"; };
		132FF7F42411DC0B0006594C /* CreateViewController.swift */ = {isa = PBXFileReference; lastKnownFileType = sourcecode.swift; path = CreateViewController.swift; sourceTree = "<group>"; };
		132FF7F62411DC120006594C /* ProfileViewController.swift */ = {isa = PBXFileReference; lastKnownFileType = sourcecode.swift; path = ProfileViewController.swift; sourceTree = "<group>"; };
		132FF7F82411DC1F0006594C /* DetailViewController.swift */ = {isa = PBXFileReference; lastKnownFileType = sourcecode.swift; path = DetailViewController.swift; sourceTree = "<group>"; };
		132FF7FA2411DE8C0006594C /* UIViewController+Alerts.swift */ = {isa = PBXFileReference; lastKnownFileType = sourcecode.swift; path = "UIViewController+Alerts.swift"; sourceTree = "<group>"; };
		132FF7FC2411DED30006594C /* UIImage+Extension.swift */ = {isa = PBXFileReference; lastKnownFileType = sourcecode.swift; path = "UIImage+Extension.swift"; sourceTree = "<group>"; };
		132FF7FF2411DF6E0006594C /* StorageService.swift */ = {isa = PBXFileReference; lastKnownFileType = sourcecode.swift; path = StorageService.swift; sourceTree = "<group>"; };
		448E373AF4A3DDC79BE417C0 /* Pods-InstagramApp.release.xcconfig */ = {isa = PBXFileReference; includeInIndex = 1; lastKnownFileType = text.xcconfig; name = "Pods-InstagramApp.release.xcconfig"; path = "Target Support Files/Pods-InstagramApp/Pods-InstagramApp.release.xcconfig"; sourceTree = "<group>"; };
		A047C6E246C92A0277B803A5 /* Pods-InstagramApp.debug.xcconfig */ = {isa = PBXFileReference; includeInIndex = 1; lastKnownFileType = text.xcconfig; name = "Pods-InstagramApp.debug.xcconfig"; path = "Target Support Files/Pods-InstagramApp/Pods-InstagramApp.debug.xcconfig"; sourceTree = "<group>"; };
		D38B7A07E18C5159AD928F37 /* Pods_InstagramApp.framework */ = {isa = PBXFileReference; explicitFileType = wrapper.framework; includeInIndex = 0; path = Pods_InstagramApp.framework; sourceTree = BUILT_PRODUCTS_DIR; };
/* End PBXFileReference section */

/* Begin PBXFrameworksBuildPhase section */
		132FF7CB2411A6760006594C /* Frameworks */ = {
			isa = PBXFrameworksBuildPhase;
			buildActionMask = 2147483647;
			files = (
				DF42810A3F8AF78908845503 /* Pods_InstagramApp.framework in Frameworks */,
			);
			runOnlyForDeploymentPostprocessing = 0;
		};
/* End PBXFrameworksBuildPhase section */

/* Begin PBXGroup section */
		132FF7C52411A6760006594C = {
			isa = PBXGroup;
			children = (
				132FF7D02411A6760006594C /* InstagramApp */,
				132FF7CF2411A6760006594C /* Products */,
				DCFE3D1FAFA8274720119648 /* Pods */,
				876918B6982322E86F4E42B6 /* Frameworks */,
			);
			sourceTree = "<group>";
		};
		132FF7CF2411A6760006594C /* Products */ = {
			isa = PBXGroup;
			children = (
				132FF7CE2411A6760006594C /* InstagramApp.app */,
			);
			name = Products;
			sourceTree = "<group>";
		};
		132FF7D02411A6760006594C /* InstagramApp */ = {
			isa = PBXGroup;
			children = (
				132FF7D12411A6760006594C /* AppDelegate.swift */,
				132FF7D32411A6760006594C /* SceneDelegate.swift */,
				132FF7ED2411C3370006594C /* FirebaseService */,
				132FF7EF2411C3740006594C /* ViewControllers */,
				132FF7EE2411C3530006594C /* Storyboards */,
				132FF7FE2411DEDE0006594C /* Extensions */,
				132FF7DA2411A67C0006594C /* Assets.xcassets */,
				132FF7DC2411A67C0006594C /* LaunchScreen.storyboard */,
				132FF7DF2411A67C0006594C /* Info.plist */,
				132FF7E72411B9F50006594C /* GoogleService-Info.plist */,
			);
			path = InstagramApp;
			sourceTree = "<group>";
		};
		132FF7ED2411C3370006594C /* FirebaseService */ = {
			isa = PBXGroup;
			children = (
				132FF7E52411B66B0006594C /* AuthenticationSessions.swift */,
				132FF7FF2411DF6E0006594C /* StorageService.swift */,
			);
			path = FirebaseService;
			sourceTree = "<group>";
		};
		132FF7EE2411C3530006594C /* Storyboards */ = {
			isa = PBXGroup;
			children = (
				132FF7D72411A6760006594C /* LoginView.storyboard */,
				132FF7EB2411C3280006594C /* MainView.storyboard */,
			);
			path = Storyboards;
			sourceTree = "<group>";
		};
		132FF7EF2411C3740006594C /* ViewControllers */ = {
			isa = PBXGroup;
			children = (
				132FF7D52411A6760006594C /* LoginViewController.swift */,
				132FF7F02411DB710006594C /* MainTabBarController.swift */,
				132FF7F22411DBEA0006594C /* FeedViewController.swift */,
				132FF7F42411DC0B0006594C /* CreateViewController.swift */,
				132FF7F62411DC120006594C /* ProfileViewController.swift */,
				132FF7F82411DC1F0006594C /* DetailViewController.swift */,
			);
			path = ViewControllers;
			sourceTree = "<group>";
		};
		132FF7FE2411DEDE0006594C /* Extensions */ = {
			isa = PBXGroup;
			children = (
				132FF7E92411BB9A0006594C /* UIViewController+Navigation.swift */,
				132FF7FA2411DE8C0006594C /* UIViewController+Alerts.swift */,
				132FF7FC2411DED30006594C /* UIImage+Extension.swift */,
			);
			path = Extensions;
			sourceTree = "<group>";
		};
		876918B6982322E86F4E42B6 /* Frameworks */ = {
			isa = PBXGroup;
			children = (
				D38B7A07E18C5159AD928F37 /* Pods_InstagramApp.framework */,
			);
			name = Frameworks;
			sourceTree = "<group>";
		};
		DCFE3D1FAFA8274720119648 /* Pods */ = {
			isa = PBXGroup;
			children = (
				A047C6E246C92A0277B803A5 /* Pods-InstagramApp.debug.xcconfig */,
				448E373AF4A3DDC79BE417C0 /* Pods-InstagramApp.release.xcconfig */,
			);
			path = Pods;
			sourceTree = "<group>";
		};
/* End PBXGroup section */

/* Begin PBXNativeTarget section */
		132FF7CD2411A6760006594C /* InstagramApp */ = {
			isa = PBXNativeTarget;
			buildConfigurationList = 132FF7E22411A67C0006594C /* Build configuration list for PBXNativeTarget "InstagramApp" */;
			buildPhases = (
				93B89C2A2E08BDB2FB476570 /* [CP] Check Pods Manifest.lock */,
				132FF7CA2411A6760006594C /* Sources */,
				132FF7CB2411A6760006594C /* Frameworks */,
				132FF7CC2411A6760006594C /* Resources */,
				6D47F39735986DE901AE34D3 /* [CP] Embed Pods Frameworks */,
			);
			buildRules = (
			);
			dependencies = (
			);
			name = InstagramApp;
			productName = InstagramApp;
			productReference = 132FF7CE2411A6760006594C /* InstagramApp.app */;
			productType = "com.apple.product-type.application";
		};
/* End PBXNativeTarget section */

/* Begin PBXProject section */
		132FF7C62411A6760006594C /* Project object */ = {
			isa = PBXProject;
			attributes = {
				LastSwiftUpdateCheck = 1120;
				LastUpgradeCheck = 1120;
				ORGANIZATIONNAME = "Christian Hurtado";
				TargetAttributes = {
					132FF7CD2411A6760006594C = {
						CreatedOnToolsVersion = 11.2;
					};
				};
			};
			buildConfigurationList = 132FF7C92411A6760006594C /* Build configuration list for PBXProject "InstagramApp" */;
			compatibilityVersion = "Xcode 9.3";
			developmentRegion = en;
			hasScannedForEncodings = 0;
			knownRegions = (
				en,
				Base,
			);
			mainGroup = 132FF7C52411A6760006594C;
			productRefGroup = 132FF7CF2411A6760006594C /* Products */;
			projectDirPath = "";
			projectRoot = "";
			targets = (
				132FF7CD2411A6760006594C /* InstagramApp */,
			);
		};
/* End PBXProject section */

/* Begin PBXResourcesBuildPhase section */
		132FF7CC2411A6760006594C /* Resources */ = {
			isa = PBXResourcesBuildPhase;
			buildActionMask = 2147483647;
			files = (
				132FF7DE2411A67C0006594C /* LaunchScreen.storyboard in Resources */,
				132FF7E82411B9F50006594C /* GoogleService-Info.plist in Resources */,
				132FF7EC2411C3280006594C /* MainView.storyboard in Resources */,
				132FF7DB2411A67C0006594C /* Assets.xcassets in Resources */,
				132FF7D92411A6760006594C /* LoginView.storyboard in Resources */,
			);
			runOnlyForDeploymentPostprocessing = 0;
		};
/* End PBXResourcesBuildPhase section */

/* Begin PBXShellScriptBuildPhase section */
		6D47F39735986DE901AE34D3 /* [CP] Embed Pods Frameworks */ = {
			isa = PBXShellScriptBuildPhase;
			buildActionMask = 2147483647;
			files = (
			);
			inputFileListPaths = (
				"${PODS_ROOT}/Target Support Files/Pods-InstagramApp/Pods-InstagramApp-frameworks-${CONFIGURATION}-input-files.xcfilelist",
			);
			name = "[CP] Embed Pods Frameworks";
			outputFileListPaths = (
				"${PODS_ROOT}/Target Support Files/Pods-InstagramApp/Pods-InstagramApp-frameworks-${CONFIGURATION}-output-files.xcfilelist",
			);
			runOnlyForDeploymentPostprocessing = 0;
			shellPath = /bin/sh;
			shellScript = "\"${PODS_ROOT}/Target Support Files/Pods-InstagramApp/Pods-InstagramApp-frameworks.sh\"\n";
			showEnvVarsInLog = 0;
		};
		93B89C2A2E08BDB2FB476570 /* [CP] Check Pods Manifest.lock */ = {
			isa = PBXShellScriptBuildPhase;
			buildActionMask = 2147483647;
			files = (
			);
			inputFileListPaths = (
			);
			inputPaths = (
				"${PODS_PODFILE_DIR_PATH}/Podfile.lock",
				"${PODS_ROOT}/Manifest.lock",
			);
			name = "[CP] Check Pods Manifest.lock";
			outputFileListPaths = (
			);
			outputPaths = (
				"$(DERIVED_FILE_DIR)/Pods-InstagramApp-checkManifestLockResult.txt",
			);
			runOnlyForDeploymentPostprocessing = 0;
			shellPath = /bin/sh;
			shellScript = "diff \"${PODS_PODFILE_DIR_PATH}/Podfile.lock\" \"${PODS_ROOT}/Manifest.lock\" > /dev/null\nif [ $? != 0 ] ; then\n    # print error to STDERR\n    echo \"error: The sandbox is not in sync with the Podfile.lock. Run 'pod install' or update your CocoaPods installation.\" >&2\n    exit 1\nfi\n# This output is used by Xcode 'outputs' to avoid re-running this script phase.\necho \"SUCCESS\" > \"${SCRIPT_OUTPUT_FILE_0}\"\n";
			showEnvVarsInLog = 0;
		};
/* End PBXShellScriptBuildPhase section */

/* Begin PBXSourcesBuildPhase section */
		132FF7CA2411A6760006594C /* Sources */ = {
			isa = PBXSourcesBuildPhase;
			buildActionMask = 2147483647;
			files = (
				132FF7F52411DC0B0006594C /* CreateViewController.swift in Sources */,
				132FF7FB2411DE8C0006594C /* UIViewController+Alerts.swift in Sources */,
				132FF7D62411A6760006594C /* LoginViewController.swift in Sources */,
				132FF7FD2411DED30006594C /* UIImage+Extension.swift in Sources */,
				132FF7EA2411BB9A0006594C /* UIViewController+Navigation.swift in Sources */,
				132FF7F12411DB710006594C /* MainTabBarController.swift in Sources */,
				132FF7D22411A6760006594C /* AppDelegate.swift in Sources */,
				132FF8002411DF6E0006594C /* StorageService.swift in Sources */,
				132FF7E62411B66B0006594C /* AuthenticationSessions.swift in Sources */,
				132FF7F72411DC120006594C /* ProfileViewController.swift in Sources */,
				132FF7F92411DC1F0006594C /* DetailViewController.swift in Sources */,
				132FF7D42411A6760006594C /* SceneDelegate.swift in Sources */,
				132FF7F32411DBEA0006594C /* FeedViewController.swift in Sources */,
			);
			runOnlyForDeploymentPostprocessing = 0;
		};
/* End PBXSourcesBuildPhase section */

/* Begin PBXVariantGroup section */
		132FF7D72411A6760006594C /* LoginView.storyboard */ = {
			isa = PBXVariantGroup;
			children = (
				132FF7D82411A6760006594C /* Base */,
			);
			name = LoginView.storyboard;
			sourceTree = "<group>";
		};
		132FF7DC2411A67C0006594C /* LaunchScreen.storyboard */ = {
			isa = PBXVariantGroup;
			children = (
				132FF7DD2411A67C0006594C /* Base */,
			);
			name = LaunchScreen.storyboard;
			sourceTree = "<group>";
		};
/* End PBXVariantGroup section */

/* Begin XCBuildConfiguration section */
		132FF7E02411A67C0006594C /* Debug */ = {
			isa = XCBuildConfiguration;
			buildSettings = {
				ALWAYS_SEARCH_USER_PATHS = NO;
				CLANG_ANALYZER_NONNULL = YES;
				CLANG_ANALYZER_NUMBER_OBJECT_CONVERSION = YES_AGGRESSIVE;
				CLANG_CXX_LANGUAGE_STANDARD = "gnu++14";
				CLANG_CXX_LIBRARY = "libc++";
				CLANG_ENABLE_MODULES = YES;
				CLANG_ENABLE_OBJC_ARC = YES;
				CLANG_ENABLE_OBJC_WEAK = YES;
				CLANG_WARN_BLOCK_CAPTURE_AUTORELEASING = YES;
				CLANG_WARN_BOOL_CONVERSION = YES;
				CLANG_WARN_COMMA = YES;
				CLANG_WARN_CONSTANT_CONVERSION = YES;
				CLANG_WARN_DEPRECATED_OBJC_IMPLEMENTATIONS = YES;
				CLANG_WARN_DIRECT_OBJC_ISA_USAGE = YES_ERROR;
				CLANG_WARN_DOCUMENTATION_COMMENTS = YES;
				CLANG_WARN_EMPTY_BODY = YES;
				CLANG_WARN_ENUM_CONVERSION = YES;
				CLANG_WARN_INFINITE_RECURSION = YES;
				CLANG_WARN_INT_CONVERSION = YES;
				CLANG_WARN_NON_LITERAL_NULL_CONVERSION = YES;
				CLANG_WARN_OBJC_IMPLICIT_RETAIN_SELF = YES;
				CLANG_WARN_OBJC_LITERAL_CONVERSION = YES;
				CLANG_WARN_OBJC_ROOT_CLASS = YES_ERROR;
				CLANG_WARN_RANGE_LOOP_ANALYSIS = YES;
				CLANG_WARN_STRICT_PROTOTYPES = YES;
				CLANG_WARN_SUSPICIOUS_MOVE = YES;
				CLANG_WARN_UNGUARDED_AVAILABILITY = YES_AGGRESSIVE;
				CLANG_WARN_UNREACHABLE_CODE = YES;
				CLANG_WARN__DUPLICATE_METHOD_MATCH = YES;
				COPY_PHASE_STRIP = NO;
				DEBUG_INFORMATION_FORMAT = dwarf;
				ENABLE_STRICT_OBJC_MSGSEND = YES;
				ENABLE_TESTABILITY = YES;
				GCC_C_LANGUAGE_STANDARD = gnu11;
				GCC_DYNAMIC_NO_PIC = NO;
				GCC_NO_COMMON_BLOCKS = YES;
				GCC_OPTIMIZATION_LEVEL = 0;
				GCC_PREPROCESSOR_DEFINITIONS = (
					"DEBUG=1",
					"$(inherited)",
				);
				GCC_WARN_64_TO_32_BIT_CONVERSION = YES;
				GCC_WARN_ABOUT_RETURN_TYPE = YES_ERROR;
				GCC_WARN_UNDECLARED_SELECTOR = YES;
				GCC_WARN_UNINITIALIZED_AUTOS = YES_AGGRESSIVE;
				GCC_WARN_UNUSED_FUNCTION = YES;
				GCC_WARN_UNUSED_VARIABLE = YES;
				IPHONEOS_DEPLOYMENT_TARGET = 13.2;
				MTL_ENABLE_DEBUG_INFO = INCLUDE_SOURCE;
				MTL_FAST_MATH = YES;
				ONLY_ACTIVE_ARCH = YES;
				SDKROOT = iphoneos;
				SWIFT_ACTIVE_COMPILATION_CONDITIONS = DEBUG;
				SWIFT_OPTIMIZATION_LEVEL = "-Onone";
			};
			name = Debug;
		};
		132FF7E12411A67C0006594C /* Release */ = {
			isa = XCBuildConfiguration;
			buildSettings = {
				ALWAYS_SEARCH_USER_PATHS = NO;
				CLANG_ANALYZER_NONNULL = YES;
				CLANG_ANALYZER_NUMBER_OBJECT_CONVERSION = YES_AGGRESSIVE;
				CLANG_CXX_LANGUAGE_STANDARD = "gnu++14";
				CLANG_CXX_LIBRARY = "libc++";
				CLANG_ENABLE_MODULES = YES;
				CLANG_ENABLE_OBJC_ARC = YES;
				CLANG_ENABLE_OBJC_WEAK = YES;
				CLANG_WARN_BLOCK_CAPTURE_AUTORELEASING = YES;
				CLANG_WARN_BOOL_CONVERSION = YES;
				CLANG_WARN_COMMA = YES;
				CLANG_WARN_CONSTANT_CONVERSION = YES;
				CLANG_WARN_DEPRECATED_OBJC_IMPLEMENTATIONS = YES;
				CLANG_WARN_DIRECT_OBJC_ISA_USAGE = YES_ERROR;
				CLANG_WARN_DOCUMENTATION_COMMENTS = YES;
				CLANG_WARN_EMPTY_BODY = YES;
				CLANG_WARN_ENUM_CONVERSION = YES;
				CLANG_WARN_INFINITE_RECURSION = YES;
				CLANG_WARN_INT_CONVERSION = YES;
				CLANG_WARN_NON_LITERAL_NULL_CONVERSION = YES;
				CLANG_WARN_OBJC_IMPLICIT_RETAIN_SELF = YES;
				CLANG_WARN_OBJC_LITERAL_CONVERSION = YES;
				CLANG_WARN_OBJC_ROOT_CLASS = YES_ERROR;
				CLANG_WARN_RANGE_LOOP_ANALYSIS = YES;
				CLANG_WARN_STRICT_PROTOTYPES = YES;
				CLANG_WARN_SUSPICIOUS_MOVE = YES;
				CLANG_WARN_UNGUARDED_AVAILABILITY = YES_AGGRESSIVE;
				CLANG_WARN_UNREACHABLE_CODE = YES;
				CLANG_WARN__DUPLICATE_METHOD_MATCH = YES;
				COPY_PHASE_STRIP = NO;
				DEBUG_INFORMATION_FORMAT = "dwarf-with-dsym";
				ENABLE_NS_ASSERTIONS = NO;
				ENABLE_STRICT_OBJC_MSGSEND = YES;
				GCC_C_LANGUAGE_STANDARD = gnu11;
				GCC_NO_COMMON_BLOCKS = YES;
				GCC_WARN_64_TO_32_BIT_CONVERSION = YES;
				GCC_WARN_ABOUT_RETURN_TYPE = YES_ERROR;
				GCC_WARN_UNDECLARED_SELECTOR = YES;
				GCC_WARN_UNINITIALIZED_AUTOS = YES_AGGRESSIVE;
				GCC_WARN_UNUSED_FUNCTION = YES;
				GCC_WARN_UNUSED_VARIABLE = YES;
				IPHONEOS_DEPLOYMENT_TARGET = 13.2;
				MTL_ENABLE_DEBUG_INFO = NO;
				MTL_FAST_MATH = YES;
				SDKROOT = iphoneos;
				SWIFT_COMPILATION_MODE = wholemodule;
				SWIFT_OPTIMIZATION_LEVEL = "-O";
				VALIDATE_PRODUCT = YES;
			};
			name = Release;
		};
		132FF7E32411A67C0006594C /* Debug */ = {
			isa = XCBuildConfiguration;
			baseConfigurationReference = A047C6E246C92A0277B803A5 /* Pods-InstagramApp.debug.xcconfig */;
			buildSettings = {
				ASSETCATALOG_COMPILER_APPICON_NAME = AppIcon;
				CODE_SIGN_STYLE = Automatic;
				DEVELOPMENT_TEAM = 5YYJ8TDUCW;
				INFOPLIST_FILE = InstagramApp/Info.plist;
				LD_RUNPATH_SEARCH_PATHS = (
					"$(inherited)",
					"@executable_path/Frameworks",
				);
				PRODUCT_BUNDLE_IDENTIFIER = com.christianhurtado.InstagramApp;
				PRODUCT_NAME = "$(TARGET_NAME)";
				SWIFT_VERSION = 5.0;
				TARGETED_DEVICE_FAMILY = "1,2";
			};
			name = Debug;
		};
		132FF7E42411A67C0006594C /* Release */ = {
			isa = XCBuildConfiguration;
			baseConfigurationReference = 448E373AF4A3DDC79BE417C0 /* Pods-InstagramApp.release.xcconfig */;
			buildSettings = {
				ASSETCATALOG_COMPILER_APPICON_NAME = AppIcon;
				CODE_SIGN_STYLE = Automatic;
				DEVELOPMENT_TEAM = 5YYJ8TDUCW;
				INFOPLIST_FILE = InstagramApp/Info.plist;
				LD_RUNPATH_SEARCH_PATHS = (
					"$(inherited)",
					"@executable_path/Frameworks",
				);
				PRODUCT_BUNDLE_IDENTIFIER = com.christianhurtado.InstagramApp;
				PRODUCT_NAME = "$(TARGET_NAME)";
				SWIFT_VERSION = 5.0;
				TARGETED_DEVICE_FAMILY = "1,2";
			};
			name = Release;
		};
/* End XCBuildConfiguration section */

/* Begin XCConfigurationList section */
		132FF7C92411A6760006594C /* Build configuration list for PBXProject "InstagramApp" */ = {
			isa = XCConfigurationList;
			buildConfigurations = (
				132FF7E02411A67C0006594C /* Debug */,
				132FF7E12411A67C0006594C /* Release */,
			);
			defaultConfigurationIsVisible = 0;
			defaultConfigurationName = Release;
		};
		132FF7E22411A67C0006594C /* Build configuration list for PBXNativeTarget "InstagramApp" */ = {
			isa = XCConfigurationList;
			buildConfigurations = (
				132FF7E32411A67C0006594C /* Debug */,
				132FF7E42411A67C0006594C /* Release */,
			);
			defaultConfigurationIsVisible = 0;
			defaultConfigurationName = Release;
		};
/* End XCConfigurationList section */
	};
	rootObject = 132FF7C62411A6760006594C /* Project object */;
}
